# This is a Gradle generated file for dependency locking.
# Manual edits can break the build and are not advised.
# This file is expected to be part of source control.
androidx.activity:activity-ktx:1.9.3=debugRuntimeClasspath,debugUnitTestRuntimeClasspath,profileRuntimeClasspath,profileUnitTestRuntimeClasspath,releaseRuntimeClasspath,releaseUnitTestRuntimeClasspath
androidx.activity:activity:1.8.1=debugAndroidTestCompileClasspath
androidx.activity:activity:1.9.3=debugCompileClasspath,debugRuntimeClasspath,debugUnitTestCompileClasspath,debugUnitTestRuntimeClasspath,profileCompileClasspath,profileRuntimeClasspath,profileUnitTestCompileClasspath,profileUnitTestRuntimeClasspath,releaseCompileClasspath,releaseRuntimeClasspath,releaseUnitTestCompileClasspath,releaseUnitTestRuntimeClasspath
androidx.annotation:annotation-experimental:1.4.0=debugAndroidTestCompileClasspath,debugCompileClasspath,debugRuntimeClasspath,debugUnitTestCompileClasspath,debugUnitTestRuntimeClasspath,profileCompileClasspath,profileRuntimeClasspath,profileUnitTestCompileClasspath,profileUnitTestRuntimeClasspath,releaseCompileClasspath,releaseRuntimeClasspath,releaseUnitTestCompileClasspath,releaseUnitTestRuntimeClasspath
androidx.annotation:annotation-jvm:1.8.0=debugAndroidTestCompileClasspath
androidx.annotation:annotation-jvm:1.9.1=debugCompileClasspath,debugRuntimeClasspath,debugUnitTestCompileClasspath,debugUnitTestRuntimeClasspath,profileCompileClasspath,profileRuntimeClasspath,profileUnitTestCompileClasspath,profileUnitTestRuntimeClasspath,releaseCompileClasspath,releaseRuntimeClasspath,releaseUnitTestCompileClasspath,releaseUnitTestRuntimeClasspath
androidx.annotation:annotation:1.8.0=debugAndroidTestCompileClasspath
androidx.annotation:annotation:1.9.1=debugCompileClasspath,debugRuntimeClasspath,debugUnitTestCompileClasspath,debugUnitTestRuntimeClasspath,profileCompileClasspath,profileRuntimeClasspath,profileUnitTestCompileClasspath,profileUnitTestRuntimeClasspath,releaseCompileClasspath,releaseRuntimeClasspath,releaseUnitTestCompileClasspath,releaseUnitTestRuntimeClasspath
androidx.appcompat:appcompat-resources:1.1.0=debugRuntimeClasspath,debugUnitTestRuntimeClasspath,profileRuntimeClasspath,profileUnitTestRuntimeClasspath,releaseRuntimeClasspath,releaseUnitTestRuntimeClasspath
androidx.appcompat:appcompat:1.1.0=debugRuntimeClasspath,debugUnitTestRuntimeClasspath,profileRuntimeClasspath,profileUnitTestRuntimeClasspath,releaseRuntimeClasspath,releaseUnitTestRuntimeClasspath
androidx.arch.core:core-common:2.2.0=debugAndroidTestCompileClasspath,debugCompileClasspath,debugRuntimeClasspath,debugUnitTestCompileClasspath,debugUnitTestRuntimeClasspath,profileCompileClasspath,profileRuntimeClasspath,profileUnitTestCompileClasspath,profileUnitTestRuntimeClasspath,releaseCompileClasspath,releaseRuntimeClasspath,releaseUnitTestCompileClasspath,releaseUnitTestRuntimeClasspath
androidx.arch.core:core-runtime:2.2.0=debugAndroidTestCompileClasspath,debugCompileClasspath,debugRuntimeClasspath,debugUnitTestCompileClasspath,debugUnitTestRuntimeClasspath,profileCompileClasspath,profileRuntimeClasspath,profileUnitTestCompileClasspath,profileUnitTestRuntimeClasspath,releaseCompileClasspath,releaseRuntimeClasspath,releaseUnitTestCompileClasspath,releaseUnitTestRuntimeClasspath
androidx.asynclayoutinflater:asynclayoutinflater:1.0.0=debugRuntimeClasspath,debugUnitTestRuntimeClasspath,profileRuntimeClasspath,profileUnitTestRuntimeClasspath,releaseRuntimeClasspath,releaseUnitTestRuntimeClasspath
androidx.collection:collection-ktx:1.1.0=debugRuntimeClasspath,debugUnitTestRuntimeClasspath,profileRuntimeClasspath,profileUnitTestRuntimeClasspath,releaseRuntimeClasspath,releaseUnitTestRuntimeClasspath
androidx.collection:collection:1.1.0=debugAndroidTestCompileClasspath,debugCompileClasspath,debugRuntimeClasspath,debugUnitTestCompileClasspath,debugUnitTestRuntimeClasspath,profileCompileClasspath,profileRuntimeClasspath,profileUnitTestCompileClasspath,profileUnitTestRuntimeClasspath,releaseCompileClasspath,releaseRuntimeClasspath,releaseUnitTestCompileClasspath,releaseUnitTestRuntimeClasspath
androidx.concurrent:concurrent-futures:1.1.0=debugRuntimeClasspath,debugUnitTestRuntimeClasspath,profileRuntimeClasspath,profileUnitTestRuntimeClasspath,releaseRuntimeClasspath,releaseUnitTestRuntimeClasspath
androidx.coordinatorlayout:coordinatorlayout:1.0.0=debugRuntimeClasspath,debugUnitTestRuntimeClasspath,profileRuntimeClasspath,profileUnitTestRuntimeClasspath,releaseRuntimeClasspath,releaseUnitTestRuntimeClasspath
androidx.core:core-ktx:1.13.1=debugCompileClasspath,debugRuntimeClasspath,debugUnitTestCompileClasspath,debugUnitTestRuntimeClasspath,profileCompileClasspath,profileRuntimeClasspath,profileUnitTestCompileClasspath,profileUnitTestRuntimeClasspath,releaseCompileClasspath,releaseRuntimeClasspath,releaseUnitTestCompileClasspath,releaseUnitTestRuntimeClasspath
androidx.core:core-ktx:1.2.0=debugAndroidTestCompileClasspath
androidx.core:core:1.13.1=debugAndroidTestCompileClasspath,debugCompileClasspath,debugRuntimeClasspath,debugUnitTestCompileClasspath,debugUnitTestRuntimeClasspath,profileCompileClasspath,profileRuntimeClasspath,profileUnitTestCompileClasspath,profileUnitTestRuntimeClasspath,releaseCompileClasspath,releaseRuntimeClasspath,releaseUnitTestCompileClasspath,releaseUnitTestRuntimeClasspath
androidx.cursoradapter:cursoradapter:1.0.0=debugRuntimeClasspath,debugUnitTestRuntimeClasspath,profileRuntimeClasspath,profileUnitTestRuntimeClasspath,releaseRuntimeClasspath,releaseUnitTestRuntimeClasspath
androidx.customview:customview:1.0.0=debugAndroidTestCompileClasspath
androidx.customview:customview:1.1.0=debugCompileClasspath,debugRuntimeClasspath,debugUnitTestCompileClasspath,debugUnitTestRuntimeClasspath,profileCompileClasspath,profileRuntimeClasspath,profileUnitTestCompileClasspath,profileUnitTestRuntimeClasspath,releaseCompileClasspath,releaseRuntimeClasspath,releaseUnitTestCompileClasspath,releaseUnitTestRuntimeClasspath
androidx.datastore:datastore-android:1.1.1=debugRuntimeClasspath,debugUnitTestRuntimeClasspath,profileRuntimeClasspath,profileUnitTestRuntimeClasspath,releaseRuntimeClasspath,releaseUnitTestRuntimeClasspath
androidx.datastore:datastore-core-android:1.1.1=debugRuntimeClasspath,debugUnitTestRuntimeClasspath,profileRuntimeClasspath,profileUnitTestRuntimeClasspath,releaseRuntimeClasspath,releaseUnitTestRuntimeClasspath
androidx.datastore:datastore-core-okio-jvm:1.1.1=debugRuntimeClasspath,debugUnitTestRuntimeClasspath,profileRuntimeClasspath,profileUnitTestRuntimeClasspath,releaseRuntimeClasspath,releaseUnitTestRuntimeClasspath
androidx.datastore:datastore-core-okio:1.1.1=debugRuntimeClasspath,debugUnitTestRuntimeClasspath,profileRuntimeClasspath,profileUnitTestRuntimeClasspath,releaseRuntimeClasspath,releaseUnitTestRuntimeClasspath
androidx.datastore:datastore-core:1.1.1=debugRuntimeClasspath,debugUnitTestRuntimeClasspath,profileRuntimeClasspath,profileUnitTestRuntimeClasspath,releaseRuntimeClasspath,releaseUnitTestRuntimeClasspath
androidx.datastore:datastore-preferences-android:1.1.1=debugRuntimeClasspath,debugUnitTestRuntimeClasspath,profileRuntimeClasspath,profileUnitTestRuntimeClasspath,releaseRuntimeClasspath,releaseUnitTestRuntimeClasspath
androidx.datastore:datastore-preferences-core-jvm:1.1.1=debugRuntimeClasspath,debugUnitTestRuntimeClasspath,profileRuntimeClasspath,profileUnitTestRuntimeClasspath,releaseRuntimeClasspath,releaseUnitTestRuntimeClasspath
androidx.datastore:datastore-preferences-core:1.1.1=debugRuntimeClasspath,debugUnitTestRuntimeClasspath,profileRuntimeClasspath,profileUnitTestRuntimeClasspath,releaseRuntimeClasspath,releaseUnitTestRuntimeClasspath
androidx.datastore:datastore-preferences:1.1.1=debugRuntimeClasspath,debugUnitTestRuntimeClasspath,profileRuntimeClasspath,profileUnitTestRuntimeClasspath,releaseRuntimeClasspath,releaseUnitTestRuntimeClasspath
androidx.datastore:datastore:1.1.1=debugRuntimeClasspath,debugUnitTestRuntimeClasspath,profileRuntimeClasspath,profileUnitTestRuntimeClasspath,releaseRuntimeClasspath,releaseUnitTestRuntimeClasspath
androidx.documentfile:documentfile:1.0.0=debugRuntimeClasspath,debugUnitTestRuntimeClasspath,profileRuntimeClasspath,profileUnitTestRuntimeClasspath,releaseRuntimeClasspath,releaseUnitTestRuntimeClasspath
androidx.drawerlayout:drawerlayout:1.0.0=debugRuntimeClasspath,debugUnitTestRuntimeClasspath,profileRuntimeClasspath,profileUnitTestRuntimeClasspath,releaseRuntimeClasspath,releaseUnitTestRuntimeClasspath
androidx.exifinterface:exifinterface:1.3.7=debugRuntimeClasspath,debugUnitTestRuntimeClasspath,profileRuntimeClasspath,profileUnitTestRuntimeClasspath,releaseRuntimeClasspath,releaseUnitTestRuntimeClasspath
androidx.fragment:fragment-ktx:1.7.1=debugRuntimeClasspath,debugUnitTestRuntimeClasspath,profileRuntimeClasspath,profileUnitTestRuntimeClasspath,releaseRuntimeClasspath,releaseUnitTestRuntimeClasspath
androidx.fragment:fragment:1.7.1=debugAndroidTestCompileClasspath,debugCompileClasspath,debugRuntimeClasspath,debugUnitTestCompileClasspath,debugUnitTestRuntimeClasspath,profileCompileClasspath,profileRuntimeClasspath,profileUnitTestCompileClasspath,profileUnitTestRuntimeClasspath,releaseCompileClasspath,releaseRuntimeClasspath,releaseUnitTestCompileClasspath,releaseUnitTestRuntimeClasspath
androidx.interpolator:interpolator:1.0.0=debugRuntimeClasspath,debugUnitTestRuntimeClasspath,profileRuntimeClasspath,profileUnitTestRuntimeClasspath,releaseRuntimeClasspath,releaseUnitTestRuntimeClasspath
androidx.legacy:legacy-support-core-ui:1.0.0=debugRuntimeClasspath,debugUnitTestRuntimeClasspath,profileRuntimeClasspath,profileUnitTestRuntimeClasspath,releaseRuntimeClasspath,releaseUnitTestRuntimeClasspath
androidx.legacy:legacy-support-core-utils:1.0.0=debugRuntimeClasspath,debugUnitTestRuntimeClasspath,profileRuntimeClasspath,profileUnitTestRuntimeClasspath,releaseRuntimeClasspath,releaseUnitTestRuntimeClasspath
androidx.lifecycle:lifecycle-common-java8:2.7.0=debugAndroidTestCompileClasspath,debugCompileClasspath,debugRuntimeClasspath,debugUnitTestCompileClasspath,debugUnitTestRuntimeClasspath,profileCompileClasspath,profileRuntimeClasspath,profileUnitTestCompileClasspath,profileUnitTestRuntimeClasspath,releaseCompileClasspath,releaseRuntimeClasspath,releaseUnitTestCompileClasspath,releaseUnitTestRuntimeClasspath
androidx.lifecycle:lifecycle-common:2.7.0=debugAndroidTestCompileClasspath,debugCompileClasspath,debugRuntimeClasspath,debugUnitTestCompileClasspath,debugUnitTestRuntimeClasspath,profileCompileClasspath,profileRuntimeClasspath,profileUnitTestCompileClasspath,profileUnitTestRuntimeClasspath,releaseCompileClasspath,releaseRuntimeClasspath,releaseUnitTestCompileClasspath,releaseUnitTestRuntimeClasspath
androidx.lifecycle:lifecycle-livedata-core-ktx:2.7.0=debugAndroidTestCompileClasspath,debugCompileClasspath,debugRuntimeClasspath,debugUnitTestCompileClasspath,debugUnitTestRuntimeClasspath,profileCompileClasspath,profileRuntimeClasspath,profileUnitTestCompileClasspath,profileUnitTestRuntimeClasspath,releaseCompileClasspath,releaseRuntimeClasspath,releaseUnitTestCompileClasspath,releaseUnitTestRuntimeClasspath
androidx.lifecycle:lifecycle-livedata-core:2.7.0=debugAndroidTestCompileClasspath,debugCompileClasspath,debugRuntimeClasspath,debugUnitTestCompileClasspath,debugUnitTestRuntimeClasspath,profileCompileClasspath,profileRuntimeClasspath,profileUnitTestCompileClasspath,profileUnitTestRuntimeClasspath,releaseCompileClasspath,releaseRuntimeClasspath,releaseUnitTestCompileClasspath,releaseUnitTestRuntimeClasspath
androidx.lifecycle:lifecycle-livedata:2.7.0=debugAndroidTestCompileClasspath,debugCompileClasspath,debugRuntimeClasspath,debugUnitTestCompileClasspath,debugUnitTestRuntimeClasspath,profileCompileClasspath,profileRuntimeClasspath,profileUnitTestCompileClasspath,profileUnitTestRuntimeClasspath,releaseCompileClasspath,releaseRuntimeClasspath,releaseUnitTestCompileClasspath,releaseUnitTestRuntimeClasspath
androidx.lifecycle:lifecycle-process:2.7.0=debugAndroidTestCompileClasspath,debugCompileClasspath,debugRuntimeClasspath,debugUnitTestCompileClasspath,debugUnitTestRuntimeClasspath,profileCompileClasspath,profileRuntimeClasspath,profileUnitTestCompileClasspath,profileUnitTestRuntimeClasspath,releaseCompileClasspath,releaseRuntimeClasspath,releaseUnitTestCompileClasspath,releaseUnitTestRuntimeClasspath
androidx.lifecycle:lifecycle-runtime-ktx:2.7.0=debugRuntimeClasspath,debugUnitTestRuntimeClasspath,profileRuntimeClasspath,profileUnitTestRuntimeClasspath,releaseRuntimeClasspath,releaseUnitTestRuntimeClasspath
androidx.lifecycle:lifecycle-runtime:2.7.0=debugAndroidTestCompileClasspath,debugCompileClasspath,debugRuntimeClasspath,debugUnitTestCompileClasspath,debugUnitTestRuntimeClasspath,profileCompileClasspath,profileRuntimeClasspath,profileUnitTestCompileClasspath,profileUnitTestRuntimeClasspath,releaseCompileClasspath,releaseRuntimeClasspath,releaseUnitTestCompileClasspath,releaseUnitTestRuntimeClasspath
androidx.lifecycle:lifecycle-viewmodel-ktx:2.7.0=debugRuntimeClasspath,debugUnitTestRuntimeClasspath,profileRuntimeClasspath,profileUnitTestRuntimeClasspath,releaseRuntimeClasspath,releaseUnitTestRuntimeClasspath
androidx.lifecycle:lifecycle-viewmodel-savedstate:2.7.0=debugAndroidTestCompileClasspath,debugCompileClasspath,debugRuntimeClasspath,debugUnitTestCompileClasspath,debugUnitTestRuntimeClasspath,profileCompileClasspath,profileRuntimeClasspath,profileUnitTestCompileClasspath,profileUnitTestRuntimeClasspath,releaseCompileClasspath,releaseRuntimeClasspath,releaseUnitTestCompileClasspath,releaseUnitTestRuntimeClasspath
androidx.lifecycle:lifecycle-viewmodel:2.7.0=debugAndroidTestCompileClasspath,debugCompileClasspath,debugRuntimeClasspath,debugUnitTestCompileClasspath,debugUnitTestRuntimeClasspath,profileCompileClasspath,profileRuntimeClasspath,profileUnitTestCompileClasspath,profileUnitTestRuntimeClasspath,releaseCompileClasspath,releaseRuntimeClasspath,releaseUnitTestCompileClasspath,releaseUnitTestRuntimeClasspath
androidx.loader:loader:1.0.0=debugAndroidTestCompileClasspath,debugCompileClasspath,debugRuntimeClasspath,debugUnitTestCompileClasspath,debugUnitTestRuntimeClasspath,profileCompileClasspath,profileRuntimeClasspath,profileUnitTestCompileClasspath,profileUnitTestRuntimeClasspath,releaseCompileClasspath,releaseRuntimeClasspath,releaseUnitTestCompileClasspath,releaseUnitTestRuntimeClasspath
androidx.localbroadcastmanager:localbroadcastmanager:1.0.0=debugRuntimeClasspath,debugUnitTestRuntimeClasspath,profileRuntimeClasspath,profileUnitTestRuntimeClasspath,releaseRuntimeClasspath,releaseUnitTestRuntimeClasspath
androidx.preference:preference:1.2.1=debugRuntimeClasspath,debugUnitTestRuntimeClasspath,profileRuntimeClasspath,profileUnitTestRuntimeClasspath,releaseRuntimeClasspath,releaseUnitTestRuntimeClasspath
androidx.print:print:1.0.0=debugRuntimeClasspath,debugUnitTestRuntimeClasspath,profileRuntimeClasspath,profileUnitTestRuntimeClasspath,releaseRuntimeClasspath,releaseUnitTestRuntimeClasspath
androidx.profileinstaller:profileinstaller:1.3.1=debugRuntimeClasspath,debugUnitTestRuntimeClasspath,profileRuntimeClasspath,profileUnitTestRuntimeClasspath,releaseRuntimeClasspath,releaseUnitTestRuntimeClasspath
androidx.recyclerview:recyclerview:1.0.0=debugRuntimeClasspath,debugUnitTestRuntimeClasspath,profileRuntimeClasspath,profileUnitTestRuntimeClasspath,releaseRuntimeClasspath,releaseUnitTestRuntimeClasspath
androidx.savedstate:savedstate-ktx:1.2.1=debugRuntimeClasspath,debugUnitTestRuntimeClasspath,profileRuntimeClasspath,profileUnitTestRuntimeClasspath,releaseRuntimeClasspath,releaseUnitTestRuntimeClasspath
androidx.savedstate:savedstate:1.2.1=debugAndroidTestCompileClasspath,debugCompileClasspath,debugRuntimeClasspath,debugUnitTestCompileClasspath,debugUnitTestRuntimeClasspath,profileCompileClasspath,profileRuntimeClasspath,profileUnitTestCompileClasspath,profileUnitTestRuntimeClasspath,releaseCompileClasspath,releaseRuntimeClasspath,releaseUnitTestCompileClasspath,releaseUnitTestRuntimeClasspath
androidx.slidingpanelayout:slidingpanelayout:1.2.0=debugRuntimeClasspath,debugUnitTestRuntimeClasspath,profileRuntimeClasspath,profileUnitTestRuntimeClasspath,releaseRuntimeClasspath,releaseUnitTestRuntimeClasspath
androidx.startup:startup-runtime:1.1.1=debugAndroidTestCompileClasspath,debugCompileClasspath,debugRuntimeClasspath,debugUnitTestCompileClasspath,debugUnitTestRuntimeClasspath,profileCompileClasspath,profileRuntimeClasspath,profileUnitTestCompileClasspath,profileUnitTestRuntimeClasspath,releaseCompileClasspath,releaseRuntimeClasspath,releaseUnitTestCompileClasspath,releaseUnitTestRuntimeClasspath
androidx.swiperefreshlayout:swiperefreshlayout:1.0.0=debugRuntimeClasspath,debugUnitTestRuntimeClasspath,profileRuntimeClasspath,profileUnitTestRuntimeClasspath,releaseRuntimeClasspath,releaseUnitTestRuntimeClasspath
androidx.tracing:tracing:1.2.0=debugAndroidTestCompileClasspath,debugCompileClasspath,debugRuntimeClasspath,debugUnitTestCompileClasspath,debugUnitTestRuntimeClasspath,profileCompileClasspath,profileRuntimeClasspath,profileUnitTestCompileClasspath,profileUnitTestRuntimeClasspath,releaseCompileClasspath,releaseRuntimeClasspath,releaseUnitTestCompileClasspath,releaseUnitTestRuntimeClasspath
androidx.transition:transition:1.4.1=debugRuntimeClasspath,debugUnitTestRuntimeClasspath,profileRuntimeClasspath,profileUnitTestRuntimeClasspath,releaseRuntimeClasspath,releaseUnitTestRuntimeClasspath
androidx.vectordrawable:vectordrawable-animated:1.1.0=debugRuntimeClasspath,debugUnitTestRuntimeClasspath,profileRuntimeClasspath,profileUnitTestRuntimeClasspath,releaseRuntimeClasspath,releaseUnitTestRuntimeClasspath
androidx.vectordrawable:vectordrawable:1.1.0=debugRuntimeClasspath,debugUnitTestRuntimeClasspath,profileRuntimeClasspath,profileUnitTestRuntimeClasspath,releaseRuntimeClasspath,releaseUnitTestRuntimeClasspath
androidx.versionedparcelable:versionedparcelable:1.1.1=debugAndroidTestCompileClasspath,debugCompileClasspath,debugRuntimeClasspath,debugUnitTestCompileClasspath,debugUnitTestRuntimeClasspath,profileCompileClasspath,profileRuntimeClasspath,profileUnitTestCompileClasspath,profileUnitTestRuntimeClasspath,releaseCompileClasspath,releaseRuntimeClasspath,releaseUnitTestCompileClasspath,releaseUnitTestRuntimeClasspath
androidx.viewpager:viewpager:1.0.0=debugAndroidTestCompileClasspath,debugCompileClasspath,debugRuntimeClasspath,debugUnitTestCompileClasspath,debugUnitTestRuntimeClasspath,profileCompileClasspath,profileRuntimeClasspath,profileUnitTestCompileClasspath,profileUnitTestRuntimeClasspath,releaseCompileClasspath,releaseRuntimeClasspath,releaseUnitTestCompileClasspath,releaseUnitTestRuntimeClasspath
androidx.window.extensions.core:core:1.0.0=debugRuntimeClasspath,debugUnitTestRuntimeClasspath,profileRuntimeClasspath,profileUnitTestRuntimeClasspath,releaseRuntimeClasspath,releaseUnitTestRuntimeClasspath
androidx.window:window-java:1.2.0=debugAndroidTestCompileClasspath,debugCompileClasspath,debugRuntimeClasspath,debugUnitTestCompileClasspath,debugUnitTestRuntimeClasspath,profileCompileClasspath,profileRuntimeClasspath,profileUnitTestCompileClasspath,profileUnitTestRuntimeClasspath,releaseCompileClasspath,releaseRuntimeClasspath,releaseUnitTestCompileClasspath,releaseUnitTestRuntimeClasspath
androidx.window:window:1.2.0=debugAndroidTestCompileClasspath,debugCompileClasspath,debugRuntimeClasspath,debugUnitTestCompileClasspath,debugUnitTestRuntimeClasspath,profileCompileClasspath,profileRuntimeClasspath,profileUnitTestCompileClasspath,profileUnitTestRuntimeClasspath,releaseCompileClasspath,releaseRuntimeClasspath,releaseUnitTestCompileClasspath,releaseUnitTestRuntimeClasspath
com.getkeepsafe.relinker:relinker:1.4.5=debugAndroidTestCompileClasspath,debugCompileClasspath,debugRuntimeClasspath,debugUnitTestCompileClasspath,debugUnitTestRuntimeClasspath,profileCompileClasspath,profileRuntimeClasspath,profileUnitTestCompileClasspath,profileUnitTestRuntimeClasspath,releaseCompileClasspath,releaseRuntimeClasspath,releaseUnitTestCompileClasspath,releaseUnitTestRuntimeClasspath
com.google.android.gms:play-services-base:18.3.0=debugRuntimeClasspath,debugUnitTestRuntimeClasspath,profileRuntimeClasspath,profileUnitTestRuntimeClasspath,releaseRuntimeClasspath,releaseUnitTestRuntimeClasspath
com.google.android.gms:play-services-basement:18.3.0=debugRuntimeClasspath,debugUnitTestRuntimeClasspath,profileRuntimeClasspath,profileUnitTestRuntimeClasspath,releaseRuntimeClasspath,releaseUnitTestRuntimeClasspath
com.google.android.gms:play-services-location:21.2.0=debugRuntimeClasspath,debugUnitTestRuntimeClasspath,profileRuntimeClasspath,profileUnitTestRuntimeClasspath,releaseRuntimeClasspath,releaseUnitTestRuntimeClasspath
com.google.android.gms:play-services-maps:18.2.0=debugRuntimeClasspath,debugUnitTestRuntimeClasspath,profileRuntimeClasspath,profileUnitTestRuntimeClasspath,releaseRuntimeClasspath,releaseUnitTestRuntimeClasspath
com.google.android.gms:play-services-tasks:18.1.0=debugRuntimeClasspath,debugUnitTestRuntimeClasspath,profileRuntimeClasspath,profileUnitTestRuntimeClasspath,releaseRuntimeClasspath,releaseUnitTestRuntimeClasspath
com.google.guava:listenablefuture:1.0=debugRuntimeClasspath,debugUnitTestRuntimeClasspath,profileRuntimeClasspath,profileUnitTestRuntimeClasspath,releaseRuntimeClasspath,releaseUnitTestRuntimeClasspath
com.google.maps.android:android-maps-utils:3.6.0=debugRuntimeClasspath,debugUnitTestRuntimeClasspath,profileRuntimeClasspath,profileUnitTestRuntimeClasspath,releaseRuntimeClasspath,releaseUnitTestRuntimeClasspath
com.squareup.okio:okio-jvm:3.4.0=debugRuntimeClasspath,debugUnitTestRuntimeClasspath,profileRuntimeClasspath,profileUnitTestRuntimeClasspath,releaseRuntimeClasspath,releaseUnitTestRuntimeClasspath
com.squareup.okio:okio:3.4.0=debugRuntimeClasspath,debugUnitTestRuntimeClasspath,profileRuntimeClasspath,profileUnitTestRuntimeClasspath,releaseRuntimeClasspath,releaseUnitTestRuntimeClasspath
io.flutter:arm64_v8a_debug:1.0.0-82bd5b7209295a5b7ff8cae0df96e7870171e3a5=debugAndroidTestCompileClasspath,debugApiDependenciesMetadata,debugCompileClasspath,debugImplementationDependenciesMetadata,debugRuntimeClasspath,debugUnitTestCompileClasspath,debugUnitTestRuntimeClasspath
io.flutter:arm64_v8a_profile:1.0.0-82bd5b7209295a5b7ff8cae0df96e7870171e3a5=profileApiDependenciesMetadata,profileCompileClasspath,profileImplementationDependenciesMetadata,profileRuntimeClasspath,profileUnitTestCompileClasspath,profileUnitTestRuntimeClasspath
io.flutter:arm64_v8a_release:1.0.0-82bd5b7209295a5b7ff8cae0df96e7870171e3a5=releaseApiDependenciesMetadata,releaseCompileClasspath,releaseImplementationDependenciesMetadata,releaseRuntimeClasspath,releaseUnitTestCompileClasspath,releaseUnitTestRuntimeClasspath
io.flutter:armeabi_v7a_debug:1.0.0-82bd5b7209295a5b7ff8cae0df96e7870171e3a5=debugAndroidTestCompileClasspath,debugApiDependenciesMetadata,debugCompileClasspath,debugImplementationDependenciesMetadata,debugRuntimeClasspath,debugUnitTestCompileClasspath,debugUnitTestRuntimeClasspath
io.flutter:armeabi_v7a_profile:1.0.0-82bd5b7209295a5b7ff8cae0df96e7870171e3a5=profileApiDependenciesMetadata,profileCompileClasspath,profileImplementationDependenciesMetadata,profileRuntimeClasspath,profileUnitTestCompileClasspath,profileUnitTestRuntimeClasspath
io.flutter:armeabi_v7a_release:1.0.0-82bd5b7209295a5b7ff8cae0df96e7870171e3a5=releaseApiDependenciesMetadata,releaseCompileClasspath,releaseImplementationDependenciesMetadata,releaseRuntimeClasspath,releaseUnitTestCompileClasspath,releaseUnitTestRuntimeClasspath
io.flutter:flutter_embedding_debug:1.0.0-82bd5b7209295a5b7ff8cae0df96e7870171e3a5=debugAndroidTestCompileClasspath,debugCompileClasspath,debugRuntimeClasspath,debugUnitTestCompileClasspath,debugUnitTestRuntimeClasspath
io.flutter:flutter_embedding_profile:1.0.0-82bd5b7209295a5b7ff8cae0df96e7870171e3a5=profileCompileClasspath,profileRuntimeClasspath,profileUnitTestCompileClasspath,profileUnitTestRuntimeClasspath
io.flutter:flutter_embedding_release:1.0.0-82bd5b7209295a5b7ff8cae0df96e7870171e3a5=releaseCompileClasspath,releaseRuntimeClasspath,releaseUnitTestCompileClasspath,releaseUnitTestRuntimeClasspath
io.flutter:x86_64_debug:1.0.0-82bd5b7209295a5b7ff8cae0df96e7870171e3a5=debugAndroidTestCompileClasspath,debugApiDependenciesMetadata,debugCompileClasspath,debugImplementationDependenciesMetadata,debugRuntimeClasspath,debugUnitTestCompileClasspath,debugUnitTestRuntimeClasspath
io.flutter:x86_64_profile:1.0.0-82bd5b7209295a5b7ff8cae0df96e7870171e3a5=profileApiDependenciesMetadata,profileCompileClasspath,profileImplementationDependenciesMetadata,profileRuntimeClasspath,profileUnitTestCompileClasspath,profileUnitTestRuntimeClasspath
io.flutter:x86_64_release:1.0.0-82bd5b7209295a5b7ff8cae0df96e7870171e3a5=releaseApiDependenciesMetadata,releaseCompileClasspath,releaseImplementationDependenciesMetadata,releaseRuntimeClasspath,releaseUnitTestCompileClasspath,releaseUnitTestRuntimeClasspath
org.jetbrains.intellij.deps:trove4j:1.0.20200330=kotlinBuildToolsApiClasspath,kotlinCompilerClasspath,kotlinKlibCommonizerClasspath
org.jetbrains.kotlin:kotlin-android-extensions-runtime:1.9.22=debugRuntimeClasspath,debugUnitTestRuntimeClasspath,profileRuntimeClasspath,profileUnitTestRuntimeClasspath,releaseRuntimeClasspath,releaseUnitTestRuntimeClasspath
org.jetbrains.kotlin:kotlin-build-common:1.9.22=kotlinBuildToolsApiClasspath
org.jetbrains.kotlin:kotlin-build-tools-api:1.9.22=kotlinBuildToolsApiClasspath
org.jetbrains.kotlin:kotlin-build-tools-impl:1.9.22=kotlinBuildToolsApiClasspath
org.jetbrains.kotlin:kotlin-compiler-embeddable:1.9.22=kotlinBuildToolsApiClasspath,kotlinCompilerClasspath,kotlinKlibCommonizerClasspath
org.jetbrains.kotlin:kotlin-compiler-runner:1.9.22=kotlinBuildToolsApiClasspath
org.jetbrains.kotlin:kotlin-daemon-client:1.9.22=kotlinBuildToolsApiClasspath
org.jetbrains.kotlin:kotlin-daemon-embeddable:1.9.22=kotlinBuildToolsApiClasspath,kotlinCompilerClasspath,kotlinKlibCommonizerClasspath
org.jetbrains.kotlin:kotlin-klib-commonizer-embeddable:1.9.22=kotlinKlibCommonizerClasspath
org.jetbrains.kotlin:kotlin-parcelize-runtime:1.9.22=debugRuntimeClasspath,debugUnitTestRuntimeClasspath,profileRuntimeClasspath,profileUnitTestRuntimeClasspath,releaseRuntimeClasspath,releaseUnitTestRuntimeClasspath
org.jetbrains.kotlin:kotlin-reflect:1.6.10=kotlinBuildToolsApiClasspath,kotlinCompilerClasspath,kotlinKlibCommonizerClasspath
org.jetbrains.kotlin:kotlin-script-runtime:1.9.22=kotlinBuildToolsApiClasspath,kotlinCompilerClasspath,kotlinKlibCommonizerClasspath
org.jetbrains.kotlin:kotlin-stdlib-common:1.9.22=debugAndroidTestCompileClasspath
org.jetbrains.kotlin:kotlin-stdlib-common:1.9.24=debugCompileClasspath,debugUnitTestCompileClasspath,profileCompileClasspath,profileUnitTestCompileClasspath,releaseCompileClasspath,releaseUnitTestCompileClasspath
org.jetbrains.kotlin:kotlin-stdlib-jdk7:1.8.20=debugAndroidTestCompileClasspath,debugCompileClasspath,debugRuntimeClasspath,debugUnitTestCompileClasspath,debugUnitTestRuntimeClasspath,profileCompileClasspath,profileRuntimeClasspath,profileUnitTestCompileClasspath,profileUnitTestRuntimeClasspath,releaseCompileClasspath,releaseRuntimeClasspath,releaseUnitTestCompileClasspath,releaseUnitTestRuntimeClasspath
org.jetbrains.kotlin:kotlin-stdlib-jdk8:1.8.20=debugAndroidTestCompileClasspath,debugCompileClasspath,debugRuntimeClasspath,debugUnitTestCompileClasspath,debugUnitTestRuntimeClasspath,profileCompileClasspath,profileRuntimeClasspath,profileUnitTestCompileClasspath,profileUnitTestRuntimeClasspath,releaseCompileClasspath,releaseRuntimeClasspath,releaseUnitTestCompileClasspath,releaseUnitTestRuntimeClasspath
org.jetbrains.kotlin:kotlin-stdlib:1.9.22=debugAndroidTestCompileClasspath,kotlinBuildToolsApiClasspath,kotlinCompilerClasspath,kotlinKlibCommonizerClasspath
org.jetbrains.kotlin:kotlin-stdlib:1.9.24=debugCompileClasspath,debugRuntimeClasspath,debugUnitTestCompileClasspath,debugUnitTestRuntimeClasspath,profileCompileClasspath,profileRuntimeClasspath,profileUnitTestCompileClasspath,profileUnitTestRuntimeClasspath,releaseCompileClasspath,releaseRuntimeClasspath,releaseUnitTestCompileClasspath,releaseUnitTestRuntimeClasspath
org.jetbrains.kotlinx:kotlinx-coroutines-android:1.7.1=debugAndroidTestCompileClasspath
org.jetbrains.kotlinx:kotlinx-coroutines-android:1.7.3=debugCompileClasspath,debugRuntimeClasspath,debugUnitTestCompileClasspath,debugUnitTestRuntimeClasspath,profileCompileClasspath,profileRuntimeClasspath,profileUnitTestCompileClasspath,profileUnitTestRuntimeClasspath,releaseCompileClasspath,releaseRuntimeClasspath,releaseUnitTestCompileClasspath,releaseUnitTestRuntimeClasspath
org.jetbrains.kotlinx:kotlinx-coroutines-bom:1.7.1=debugAndroidTestCompileClasspath
org.jetbrains.kotlinx:kotlinx-coroutines-bom:1.7.3=debugCompileClasspath,debugRuntimeClasspath,debugUnitTestCompileClasspath,debugUnitTestRuntimeClasspath,profileCompileClasspath,profileRuntimeClasspath,profileUnitTestCompileClasspath,profileUnitTestRuntimeClasspath,releaseCompileClasspath,releaseRuntimeClasspath,releaseUnitTestCompileClasspath,releaseUnitTestRuntimeClasspath
org.jetbrains.kotlinx:kotlinx-coroutines-core-jvm:1.5.0=kotlinBuildToolsApiClasspath
org.jetbrains.kotlinx:kotlinx-coroutines-core-jvm:1.7.1=debugAndroidTestCompileClasspath
org.jetbrains.kotlinx:kotlinx-coroutines-core-jvm:1.7.3=debugCompileClasspath,debugRuntimeClasspath,debugUnitTestCompileClasspath,debugUnitTestRuntimeClasspath,profileCompileClasspath,profileRuntimeClasspath,profileUnitTestCompileClasspath,profileUnitTestRuntimeClasspath,releaseCompileClasspath,releaseRuntimeClasspath,releaseUnitTestCompileClasspath,releaseUnitTestRuntimeClasspath
org.jetbrains.kotlinx:kotlinx-coroutines-core:1.7.1=debugAndroidTestCompileClasspath
org.jetbrains.kotlinx:kotlinx-coroutines-core:1.7.3=debugCompileClasspath,debugRuntimeClasspath,debugUnitTestCompileClasspath,debugUnitTestRuntimeClasspath,profileCompileClasspath,profileRuntimeClasspath,profileUnitTestCompileClasspath,profileUnitTestRuntimeClasspath,releaseCompileClasspath,releaseRuntimeClasspath,releaseUnitTestCompileClasspath,releaseUnitTestRuntimeClasspath
org.jetbrains:annotations:13.0=kotlinBuildToolsApiClasspath,kotlinCompilerClasspath,kotlinKlibCommonizerClasspath
org.jetbrains:annotations:23.0.0=debugAndroidTestCompileClasspath,debugCompileClasspath,debugRuntimeClasspath,debugUnitTestCompileClasspath,debugUnitTestRuntimeClasspath,profileCompileClasspath,profileRuntimeClasspath,profileUnitTestCompileClasspath,profileUnitTestRuntimeClasspath,releaseCompileClasspath,releaseRuntimeClasspath,releaseUnitTestCompileClasspath,releaseUnitTestRuntimeClasspath
empty=androidApis,androidJdkImage,androidTestApiDependenciesMetadata,androidTestCompileOnlyDependenciesMetadata,androidTestDebugApiDependenciesMetadata,androidTestDebugCompileOnlyDependenciesMetadata,androidTestDebugImplementationDependenciesMetadata,androidTestDebugIntransitiveDependenciesMetadata,androidTestImplementationDependenciesMetadata,androidTestIntransitiveDependenciesMetadata,androidTestProfileApiDependenciesMetadata,androidTestProfileCompileOnlyDependenciesMetadata,androidTestProfileImplementationDependenciesMetadata,androidTestProfileIntransitiveDependenciesMetadata,androidTestReleaseApiDependenciesMetadata,androidTestReleaseCompileOnlyDependenciesMetadata,androidTestReleaseImplementationDependenciesMetadata,androidTestReleaseIntransitiveDependenciesMetadata,androidTestUtil,compileOnlyDependenciesMetadata,coreLibraryDesugaring,debugAndroidTestAnnotationProcessorClasspath,debugAndroidTestApiDependenciesMetadata,debugAndroidTestCompileOnlyDependenciesMetadata,debugAndroidTestImplementationDependenciesMetadata,debugAndroidTestIntransitiveDependenciesMetadata,debugAndroidTestRuntimeClasspath,debugAnnotationProcessorClasspath,debugCompileOnlyDependenciesMetadata,debugIntransitiveDependenciesMetadata,debugReverseMetadataValues,debugUnitTestAnnotationProcessorClasspath,debugUnitTestApiDependenciesMetadata,debugUnitTestCompileOnlyDependenciesMetadata,debugUnitTestImplementationDependenciesMetadata,debugUnitTestIntransitiveDependenciesMetadata,debugWearBundling,intransitiveDependenciesMetadata,kotlinCompilerPluginClasspath,kotlinCompilerPluginClasspathDebug,kotlinCompilerPluginClasspathDebugAndroidTest,kotlinCompilerPluginClasspathDebugUnitTest,kotlinCompilerPluginClasspathProfile,kotlinCompilerPluginClasspathProfileUnitTest,kotlinCompilerPluginClasspathRelease,kotlinCompilerPluginClasspathReleaseUnitTest,kotlinNativeCompilerPluginClasspath,lintChecks,lintPublish,profileAnnotationProcessorClasspath,profileCompileOnlyDependenciesMetadata,profileIntransitiveDependenciesMetadata,profileReverseMetadataValues,profileUnitTestAnnotationProcessorClasspath,profileUnitTestApiDependenciesMetadata,profileUnitTestCompileOnlyDependenciesMetadata,profileUnitTestImplementationDependenciesMetadata,profileUnitTestIntransitiveDependenciesMetadata,profileWearBundling,releaseAnnotationProcessorClasspath,releaseCompileOnlyDependenciesMetadata,releaseIntransitiveDependenciesMetadata,releaseReverseMetadataValues,releaseUnitTestAnnotationProcessorClasspath,releaseUnitTestApiDependenciesMetadata,releaseUnitTestCompileOnlyDependenciesMetadata,releaseUnitTestImplementationDependenciesMetadata,releaseUnitTestIntransitiveDependenciesMetadata,releaseWearBundling,testApiDependenciesMetadata,testCompileOnlyDependenciesMetadata,testDebugApiDependenciesMetadata,testDebugCompileOnlyDependenciesMetadata,testDebugImplementationDependenciesMetadata,testDebugIntransitiveDependenciesMetadata,testFixturesApiDependenciesMetadata,testFixturesCompileOnlyDependenciesMetadata,testFixturesDebugApiDependenciesMetadata,testFixturesDebugCompileOnlyDependenciesMetadata,testFixturesDebugImplementationDependenciesMetadata,testFixturesDebugIntransitiveDependenciesMetadata,testFixturesImplementationDependenciesMetadata,testFixturesIntransitiveDependenciesMetadata,testFixturesProfileApiDependenciesMetadata,testFixturesProfileCompileOnlyDependenciesMetadata,testFixturesProfileImplementationDependenciesMetadata,testFixturesProfileIntransitiveDependenciesMetadata,testFixturesReleaseApiDependenciesMetadata,testFixturesReleaseCompileOnlyDependenciesMetadata,testFixturesReleaseImplementationDependenciesMetadata,testFixturesReleaseIntransitiveDependenciesMetadata,testImplementationDependenciesMetadata,testIntransitiveDependenciesMetadata,testProfileApiDependenciesMetadata,testProfileCompileOnlyDependenciesMetadata,testProfileImplementationDependenciesMetadata,testProfileIntransitiveDependenciesMetadata,testReleaseApiDependenciesMetadata,testReleaseCompileOnlyDependenciesMetadata,testReleaseImplementationDependenciesMetadata,testReleaseIntransitiveDependenciesMetadata
